{
  "version": "1",
  "skills": {
    "skill:git-workflow": {
      "name": "git-workflow",
      "type": "skill",
      "scope": "project",
      "url": "local:/Users/patrick/workspace/variableway/innate-works/fire-skills/skills/devops",
      "branch": "local",
      "commit": "local"
    },
    "skill:local-workflow": {
      "name": "local-workflow",
      "type": "skill",
      "scope": "project",
      "url": "local:/Users/patrick/workspace/variableway/innate-works/fire-skills/skills/devops",
      "branch": "local",
      "commit": "local"
    }
  }
}
