{
  "version": "1",
  "skills": {
    "skill:frontend-code-organization": {
      "name": "frontend-code-organization",
      "type": "skill",
      "scope": "project",
      "url": "local:/Users/patrick/workspace/variableway/factory/fire-skills/skills/sdlc/frontend",
      "branch": "local",
      "commit": "local"
    },
    "skill:frontend-dev": {
      "name": "frontend-dev",
      "type": "skill",
      "scope": "project",
      "url": "local:/Users/patrick/workspace/variableway/factory/fire-skills/skills/sdlc/frontend",
      "branch": "local",
      "commit": "local"
    }
  }
}
